
Microsoft Visual Studio Solution File, Format Version 10.00
# Visual C++ Express 2008
Project("{8BC9CEB8-8B4A-11D0-8D11-00A0C91BC942}") = "playerdev", "playerdev.vcproj", "{8EB6F292-7572-4805-935C-5761AF75D693}"
EndProject
Global
	GlobalSection(SolutionConfigurationPlatforms) = preSolution
		Debug|Win32 = Debug|Win32
		Release|Win32 = Release|Win32
	EndGlobalSection
	GlobalSection(ProjectConfigurationPlatforms) = postSolution
		{8EB6F292-7572-4805-935C-5761AF75D693}.Debug|Win32.ActiveCfg = Debug|Win32
		{8EB6F292-7572-4805-935C-5761AF75D693}.Debug|Win32.Build.0 = Debug|Win32
		{8EB6F292-7572-4805-935C-5761AF75D693}.Release|Win32.ActiveCfg = Release|Win32
		{8EB6F292-7572-4805-935C-5761AF75D693}.Release|Win32.Build.0 = Release|Win32
	EndGlobalSection
	GlobalSection(SolutionProperties) = preSolution
		HideSolutionNode = FALSE
	EndGlobalSection
EndGlobal
